
Microsoft Visual Studio Solution File, Format Version 12.00
# Visual Studio Version 17
VisualStudioVersion = 17.14.36203.30 d17.14
MinimumVisualStudioVersion = 10.0.40219.1
Project("{FAE04EC0-301F-11D3-BF4B-00C04F79EFBC}") = "Calculator", "Calculator\Calculator.csproj", "{ED144B92-DC4D-45ED-931E-956A69E6BA14}"
EndProject
Project("{FAE04EC0-301F-11D3-BF4B-00C04F79EFBC}") = "CalculatorLibrary", "CalculatorLibrary\CalculatorLibrary.csproj", "{DF45942D-816D-4E97-B02C-270E37D23E89}"
EndProject
Global
	GlobalSection(SolutionConfigurationPlatforms) = preSolution
		Debug|Any CPU = Debug|Any CPU
		Release|Any CPU = Release|Any CPU
	EndGlobalSection
	GlobalSection(ProjectConfigurationPlatforms) = postSolution
		{ED144B92-DC4D-45ED-931E-956A69E6BA14}.Debug|Any CPU.ActiveCfg = Debug|Any CPU
		{ED144B92-DC4D-45ED-931E-956A69E6BA14}.Debug|Any CPU.Build.0 = Debug|Any CPU
		{ED144B92-DC4D-45ED-931E-956A69E6BA14}.Release|Any CPU.ActiveCfg = Release|Any CPU
		{ED144B92-DC4D-45ED-931E-956A69E6BA14}.Release|Any CPU.Build.0 = Release|Any CPU
		{DF45942D-816D-4E97-B02C-270E37D23E89}.Debug|Any CPU.ActiveCfg = Debug|Any CPU
		{DF45942D-816D-4E97-B02C-270E37D23E89}.Debug|Any CPU.Build.0 = Debug|Any CPU
		{DF45942D-816D-4E97-B02C-270E37D23E89}.Release|Any CPU.ActiveCfg = Release|Any CPU
		{DF45942D-816D-4E97-B02C-270E37D23E89}.Release|Any CPU.Build.0 = Release|Any CPU
	EndGlobalSection
	GlobalSection(SolutionProperties) = preSolution
		HideSolutionNode = FALSE
	EndGlobalSection
	GlobalSection(ExtensibilityGlobals) = postSolution
		SolutionGuid = {D4B3A0E0-DEB3-4BED-9B0F-F68F3C3C408E}
	EndGlobalSection
EndGlobal
